{
  "name": "supply-chain-licence-fixture",
  "version": "0.0.0",
  "lockfileVersion": 3,
  "requires": true,
  "packages": {
    "": {
      "name": "supply-chain-licence-fixture",
      "version": "0.0.0",
      "dependencies": {
        "gpl-violator": "1.0.0"
      }
    },
    "node_modules/gpl-violator": {
      "version": "1.0.0",
      "resolved": "https://registry.npmjs.org/gpl-violator/-/gpl-violator-1.0.0.tgz",
      "integrity": "sha512-AAAAAAAAAAAAAAAAAAAAAAAAAAAAAAAAAAAAAAAAAAAAAAAAAAAAAAAAAAAAAAAAAAAAAAAAAAAAAAAAAAAAAA==",
      "license": "GPL-3.0-only"
    }
  }
}
